
Microsoft Visual Studio Solution File, Format Version 12.00
# Visual Studio Version 17
VisualStudioVersion = 17.1.32414.318
MinimumVisualStudioVersion = 10.0.40219.1
Project("{FAE04EC0-301F-11D3-BF4B-00C04F79EFBC}") = "MovieApp", "MovieApp\MovieApp.csproj", "{5F2790FF-2089-475B-B319-B6B663C1A3EA}"
EndProject
Global
	GlobalSection(SolutionConfigurationPlatforms) = preSolution
		Debug|Any CPU = Debug|Any CPU
		Release|Any CPU = Release|Any CPU
	EndGlobalSection
	GlobalSection(ProjectConfigurationPlatforms) = postSolution
		{5F2790FF-2089-475B-B319-B6B663C1A3EA}.Debug|Any CPU.ActiveCfg = Debug|Any CPU
		{5F2790FF-2089-475B-B319-B6B663C1A3EA}.Debug|Any CPU.Build.0 = Debug|Any CPU
		{5F2790FF-2089-475B-B319-B6B663C1A3EA}.Release|Any CPU.ActiveCfg = Release|Any CPU
		{5F2790FF-2089-475B-B319-B6B663C1A3EA}.Release|Any CPU.Build.0 = Release|Any CPU
	EndGlobalSection
	GlobalSection(SolutionProperties) = preSolution
		HideSolutionNode = FALSE
	EndGlobalSection
	GlobalSection(ExtensibilityGlobals) = postSolution
		SolutionGuid = {62D798B1-B12F-4E17-8028-707D110FF454}
	EndGlobalSection
EndGlobal
